
Microsoft Visual Studio Solution File, Format Version 12.00
# Visual Studio Version 17
VisualStudioVersion = 17.10.34928.147
MinimumVisualStudioVersion = 10.0.40219.1
Project("{FAE04EC0-301F-11D3-BF4B-00C04F79EFBC}") = "Printandscandemo", "Printandscandemo\Printandscandemo.csproj", "{B27B414D-F3BA-47CD-8DE9-E692FB09488B}"
EndProject
Project("{FAE04EC0-301F-11D3-BF4B-00C04F79EFBC}") = "classobjectdemo", "classobjectdemo\classobjectdemo.csproj", "{452D9B84-3E93-4656-9297-9C6B6B567B3B}"
EndProject
Project("{FAE04EC0-301F-11D3-BF4B-00C04F79EFBC}") = "CubeDemo", "CubeDemo\CubeDemo.csproj", "{22A2C569-EA82-48B8-8CA8-CD869C97B18D}"
EndProject
Global
	GlobalSection(SolutionConfigurationPlatforms) = preSolution
		Debug|Any CPU = Debug|Any CPU
		Release|Any CPU = Release|Any CPU
	EndGlobalSection
	GlobalSection(ProjectConfigurationPlatforms) = postSolution
		{B27B414D-F3BA-47CD-8DE9-E692FB09488B}.Debug|Any CPU.ActiveCfg = Debug|Any CPU
		{B27B414D-F3BA-47CD-8DE9-E692FB09488B}.Debug|Any CPU.Build.0 = Debug|Any CPU
		{B27B414D-F3BA-47CD-8DE9-E692FB09488B}.Release|Any CPU.ActiveCfg = Release|Any CPU
		{B27B414D-F3BA-47CD-8DE9-E692FB09488B}.Release|Any CPU.Build.0 = Release|Any CPU
		{452D9B84-3E93-4656-9297-9C6B6B567B3B}.Debug|Any CPU.ActiveCfg = Debug|Any CPU
		{452D9B84-3E93-4656-9297-9C6B6B567B3B}.Debug|Any CPU.Build.0 = Debug|Any CPU
		{452D9B84-3E93-4656-9297-9C6B6B567B3B}.Release|Any CPU.ActiveCfg = Release|Any CPU
		{452D9B84-3E93-4656-9297-9C6B6B567B3B}.Release|Any CPU.Build.0 = Release|Any CPU
		{22A2C569-EA82-48B8-8CA8-CD869C97B18D}.Debug|Any CPU.ActiveCfg = Debug|Any CPU
		{22A2C569-EA82-48B8-8CA8-CD869C97B18D}.Debug|Any CPU.Build.0 = Debug|Any CPU
		{22A2C569-EA82-48B8-8CA8-CD869C97B18D}.Release|Any CPU.ActiveCfg = Release|Any CPU
		{22A2C569-EA82-48B8-8CA8-CD869C97B18D}.Release|Any CPU.Build.0 = Release|Any CPU
	EndGlobalSection
	GlobalSection(SolutionProperties) = preSolution
		HideSolutionNode = FALSE
	EndGlobalSection
	GlobalSection(ExtensibilityGlobals) = postSolution
		SolutionGuid = {105484AE-942D-4B23-B895-BF395C6E9503}
	EndGlobalSection
EndGlobal
