Microsoft Visual Studio Solution File, Format Version 12.00
# Visual Studio Version 17
VisualStudioVersion = 17.5.2.0
MinimumVisualStudioVersion = 10.0.40219.1
Project("{FAE04EC0-301F-11D3-BF4B-00C04F79EFBC}") = "srpdemo", "srpdemo\srpdemo.csproj", "{8C3BC9EB-9B36-D5E1-D9F3-0B4DEB8F1BA8}"
EndProject
Global
	GlobalSection(SolutionConfigurationPlatforms) = preSolution
		Debug|Any CPU = Debug|Any CPU
		Release|Any CPU = Release|Any CPU
	EndGlobalSection
	GlobalSection(ProjectConfigurationPlatforms) = postSolution
		{8C3BC9EB-9B36-D5E1-D9F3-0B4DEB8F1BA8}.Debug|Any CPU.ActiveCfg = Debug|Any CPU
		{8C3BC9EB-9B36-D5E1-D9F3-0B4DEB8F1BA8}.Debug|Any CPU.Build.0 = Debug|Any CPU
		{8C3BC9EB-9B36-D5E1-D9F3-0B4DEB8F1BA8}.Release|Any CPU.ActiveCfg = Release|Any CPU
		{8C3BC9EB-9B36-D5E1-D9F3-0B4DEB8F1BA8}.Release|Any CPU.Build.0 = Release|Any CPU
	EndGlobalSection
	GlobalSection(SolutionProperties) = preSolution
		HideSolutionNode = FALSE
	EndGlobalSection
	GlobalSection(ExtensibilityGlobals) = postSolution
		SolutionGuid = {47F0CC2A-43E5-4A4C-9D3E-799F8D7F1F83}
	EndGlobalSection
EndGlobal
